
Microsoft Visual Studio Solution File, Format Version 12.00
# Visual Studio Express 2013 for Web
VisualStudioVersion = 12.0.31101.0
MinimumVisualStudioVersion = 10.0.40219.1
Project("{FAE04EC0-301F-11D3-BF4B-00C04F79EFBC}") = "DirectoryCore", "DirectoryCore\DirectoryCore.csproj", "{89E48BA6-D10A-42F7-A8F0-8ADFBF8DA1D3}"
EndProject
Project("{FAE04EC0-301F-11D3-BF4B-00C04F79EFBC}") = "DirectoryWebApp", "DirectoryWebApp\DirectoryWebApp.csproj", "{55701CD2-873F-4AF9-A02E-53682E4BD25E}"
EndProject
Project("{FAE04EC0-301F-11D3-BF4B-00C04F79EFBC}") = "DirectoryCoreTest", "DirectoryCoreTest\DirectoryCoreTest.csproj", "{EDAE1E95-FFD7-4AA4-948A-8ABA5D2A6A45}"
EndProject
Global
	GlobalSection(SolutionConfigurationPlatforms) = preSolution
		Debug|Any CPU = Debug|Any CPU
		Release|Any CPU = Release|Any CPU
	EndGlobalSection
	GlobalSection(ProjectConfigurationPlatforms) = postSolution
		{89E48BA6-D10A-42F7-A8F0-8ADFBF8DA1D3}.Debug|Any CPU.ActiveCfg = Debug|Any CPU
		{89E48BA6-D10A-42F7-A8F0-8ADFBF8DA1D3}.Debug|Any CPU.Build.0 = Debug|Any CPU
		{89E48BA6-D10A-42F7-A8F0-8ADFBF8DA1D3}.Release|Any CPU.ActiveCfg = Release|Any CPU
		{89E48BA6-D10A-42F7-A8F0-8ADFBF8DA1D3}.Release|Any CPU.Build.0 = Release|Any CPU
		{55701CD2-873F-4AF9-A02E-53682E4BD25E}.Debug|Any CPU.ActiveCfg = Debug|Any CPU
		{55701CD2-873F-4AF9-A02E-53682E4BD25E}.Debug|Any CPU.Build.0 = Debug|Any CPU
		{55701CD2-873F-4AF9-A02E-53682E4BD25E}.Release|Any CPU.ActiveCfg = Release|Any CPU
		{55701CD2-873F-4AF9-A02E-53682E4BD25E}.Release|Any CPU.Build.0 = Release|Any CPU
		{EDAE1E95-FFD7-4AA4-948A-8ABA5D2A6A45}.Debug|Any CPU.ActiveCfg = Debug|Any CPU
		{EDAE1E95-FFD7-4AA4-948A-8ABA5D2A6A45}.Debug|Any CPU.Build.0 = Debug|Any CPU
		{EDAE1E95-FFD7-4AA4-948A-8ABA5D2A6A45}.Release|Any CPU.ActiveCfg = Release|Any CPU
		{EDAE1E95-FFD7-4AA4-948A-8ABA5D2A6A45}.Release|Any CPU.Build.0 = Release|Any CPU
	EndGlobalSection
	GlobalSection(SolutionProperties) = preSolution
		HideSolutionNode = FALSE
	EndGlobalSection
EndGlobal
